
Microsoft Visual Studio Solution File, Format Version 12.00
# Visual Studio 15
VisualStudioVersion = 15.0.27130.2026
MinimumVisualStudioVersion = 10.0.40219.1
Project("{FAE04EC0-301F-11D3-BF4B-00C04F79EFBC}") = "SVG2TIFF", "SVG2TIFF\SVG2TIFF.csproj", "{B40192A6-FD02-417F-8F5F-44A6235FCF11}"
EndProject
Global
	GlobalSection(SolutionConfigurationPlatforms) = preSolution
		Debug|Any CPU = Debug|Any CPU
		Release|Any CPU = Release|Any CPU
	EndGlobalSection
	GlobalSection(ProjectConfigurationPlatforms) = postSolution
		{B40192A6-FD02-417F-8F5F-44A6235FCF11}.Debug|Any CPU.ActiveCfg = Debug|Any CPU
		{B40192A6-FD02-417F-8F5F-44A6235FCF11}.Debug|Any CPU.Build.0 = Debug|Any CPU
		{B40192A6-FD02-417F-8F5F-44A6235FCF11}.Release|Any CPU.ActiveCfg = Release|Any CPU
		{B40192A6-FD02-417F-8F5F-44A6235FCF11}.Release|Any CPU.Build.0 = Release|Any CPU
	EndGlobalSection
	GlobalSection(SolutionProperties) = preSolution
		HideSolutionNode = FALSE
	EndGlobalSection
	GlobalSection(ExtensibilityGlobals) = postSolution
		SolutionGuid = {A82ED0B5-8F7B-4D25-AE3F-55DCB8357459}
	EndGlobalSection
EndGlobal
